
Microsoft Visual Studio Solution File, Format Version 12.00
# Visual Studio 14
VisualStudioVersion = 14.0.25420.1
MinimumVisualStudioVersion = 10.0.40219.1
Project("{FAE04EC0-301F-11D3-BF4B-00C04F79EFBC}") = "SenecaFleaServer", "SenecaFleaServer\SenecaFleaServer.csproj", "{3791FD2F-FC96-4A9B-8FC8-4CCE75AEA13E}"
EndProject
Project("{FAE04EC0-301F-11D3-BF4B-00C04F79EFBC}") = "SenecaFleaServer.Tests", "SenecaFleaServer.Tests\SenecaFleaServer.Tests.csproj", "{1C0DF87B-6CB3-47BA-9503-AC386F060A5C}"
EndProject
Global
	GlobalSection(SolutionConfigurationPlatforms) = preSolution
		Debug|Any CPU = Debug|Any CPU
		Release|Any CPU = Release|Any CPU
	EndGlobalSection
	GlobalSection(ProjectConfigurationPlatforms) = postSolution
		{3791FD2F-FC96-4A9B-8FC8-4CCE75AEA13E}.Debug|Any CPU.ActiveCfg = Debug|Any CPU
		{3791FD2F-FC96-4A9B-8FC8-4CCE75AEA13E}.Debug|Any CPU.Build.0 = Debug|Any CPU
		{3791FD2F-FC96-4A9B-8FC8-4CCE75AEA13E}.Release|Any CPU.ActiveCfg = Release|Any CPU
		{3791FD2F-FC96-4A9B-8FC8-4CCE75AEA13E}.Release|Any CPU.Build.0 = Release|Any CPU
		{1C0DF87B-6CB3-47BA-9503-AC386F060A5C}.Debug|Any CPU.ActiveCfg = Debug|Any CPU
		{1C0DF87B-6CB3-47BA-9503-AC386F060A5C}.Debug|Any CPU.Build.0 = Debug|Any CPU
		{1C0DF87B-6CB3-47BA-9503-AC386F060A5C}.Release|Any CPU.ActiveCfg = Release|Any CPU
		{1C0DF87B-6CB3-47BA-9503-AC386F060A5C}.Release|Any CPU.Build.0 = Release|Any CPU
	EndGlobalSection
	GlobalSection(SolutionProperties) = preSolution
		HideSolutionNode = FALSE
	EndGlobalSection
EndGlobal
